# Generated by pub
# See https://dart.dev/tools/pub/glossary#lockfile
packages:
  archive:
    dependency: transitive
    description:
      name: archive
      sha256: "6c5bcd986e06b94e3c40244af471750840a3d2341d1f9763a1100a14add517b4"
      url: "https://pub.dev"
    source: hosted
    version: "4.3.0"
  args:
    dependency: transitive
    description:
      name: args
      sha256: d0481093c50b1da8910eb0bb301626d4d8eb7284aa739614d2b394ee09e3ea04
      url: "https://pub.dev"
    source: hosted
    version: "2.7.0"
  async:
    dependency: transitive
    description:
      name: async
      sha256: e2eb0491ba5ddb6177742d2da23904574082139b07c1e33b8503b9f46f3e1a37
      url: "https://pub.dev"
    source: hosted
    version: "2.13.1"
  buffer:
    dependency: transitive
    description:
      name: buffer
      sha256: "389da2ec2c16283c8787e0adaede82b1842102f8c8aae2f49003a766c5c6b3d1"
      url: "https://pub.dev"
    source: hosted
    version: "1.2.3"
  charcode:
    dependency: transitive
    description:
      name: charcode
      sha256: fb0f1107cac15a5ea6ef0a6ef71a807b9e4267c713bb93e00e92d737cc8dbd8a
      url: "https://pub.dev"
    source: hosted
    version: "1.4.0"
  clock:
    dependency: transitive
    description:
      name: clock
      sha256: e51d50bca3217c9a9fa2b41a30e4a38971133f5f9ec7a3d57bae095007f1d28e
      url: "https://pub.dev"
    source: hosted
    version: "1.1.3"
  code_assets:
    dependency: transitive
    description:
      name: code_assets
      sha256: "828110d598123b5ea96c00c9f3c72105bf79f8ee36c20a39b26209ade421ec57"
      url: "https://pub.dev"
    source: hosted
    version: "2.1.0"
  collection:
    dependency: transitive
    description:
      name: collection
      sha256: "2f5709ae4d3d59dd8f7cd309b4e023046b57d8a6c82130785d2b0e5868084e76"
      url: "https://pub.dev"
    source: hosted
    version: "1.19.1"
  config:
    dependency: transitive
    description:
      name: config
      sha256: "28dbe3a3b2881f929787d50681d7a3c37b0e7ed928232bf6e24f12995ec6c102"
      url: "https://pub.dev"
    source: hosted
    version: "0.9.1"
  convert:
    dependency: transitive
    description:
      name: convert
      sha256: b30acd5944035672bc15c6b7a8b47d773e41e2f17de064350988c5d02adb1c68
      url: "https://pub.dev"
    source: hosted
    version: "3.1.2"
  crypto:
    dependency: transitive
    description:
      name: crypto
      sha256: c8ea0233063ba03258fbcf2ca4d6dadfefe14f02fab57702265467a19f27fadf
      url: "https://pub.dev"
    source: hosted
    version: "3.0.7"
  ffi:
    dependency: transitive
    description:
      name: ffi
      sha256: "6d7fd89431262d8f3125e81b50d3847a091d846eafcd4fdb88dd06f36d705a45"
      url: "https://pub.dev"
    source: hosted
    version: "2.2.0"
  ffi_leak_tracker:
    dependency: transitive
    description:
      name: ffi_leak_tracker
      sha256: "4093d4ef9ca06ffe2786e73bfb25e22aa92112b9bb4ec941f11e3e6b61489a97"
      url: "https://pub.dev"
    source: hosted
    version: "0.1.2"
  file:
    dependency: transitive
    description:
      name: file
      sha256: a3b4f84adafef897088c160faf7dfffb7696046cb13ae90b508c2cbc95d3b8d4
      url: "https://pub.dev"
    source: hosted
    version: "7.0.1"
  fixnum:
    dependency: transitive
    description:
      name: fixnum
      sha256: b6dc7065e46c974bc7c5f143080a6764ec7a4be6da1285ececdc37be96de53be
      url: "https://pub.dev"
    source: hosted
    version: "1.1.1"
  glob:
    dependency: transitive
    description:
      name: glob
      sha256: "218aeb56050c714f62a3182775320dfa04602b55074873e24e31bbd39bda96fb"
      url: "https://pub.dev"
    source: hosted
    version: "2.2.0"
  hooks:
    dependency: transitive
    description:
      name: hooks
      sha256: eaac480a35ec0814146c2c48d96aaa829e0e44a7662c88ae84c9edf4bc35651f
      url: "https://pub.dev"
    source: hosted
    version: "2.2.0"
  http:
    dependency: transitive
    description:
      name: http
      sha256: "87721a4a50b19c7f1d49001e51409bddc46303966ce89a65af4f4e6004896412"
      url: "https://pub.dev"
    source: hosted
    version: "1.6.0"
  http_parser:
    dependency: transitive
    description:
      name: http_parser
      sha256: "178d74305e7866013777bab2c3d8726205dc5a4dd935297175b19a23a2e66571"
      url: "https://pub.dev"
    source: hosted
    version: "4.1.2"
  isolated_object:
    dependency: transitive
    description:
      name: isolated_object
      sha256: b52bf712237ee196a3724e8467fe1ef9286842070c22fcd57e01455e1539ab8f
      url: "https://pub.dev"
    source: hosted
    version: "0.1.0"
  lints:
    dependency: "direct dev"
    description:
      name: lints
      sha256: "976c774dd944a42e83e2467f4cc670daef7eed6295b10b36ae8c85bcbf828235"
      url: "https://pub.dev"
    source: hosted
    version: "4.0.0"
  logging:
    dependency: transitive
    description:
      name: logging
      sha256: c8245ada5f1717ed44271ed1c26b8ce85ca3228fd2ffdb75468ab01979309d61
      url: "https://pub.dev"
    source: hosted
    version: "1.3.0"
  meta:
    dependency: transitive
    description:
      name: meta
      sha256: "307249ce4ff29d58a18e97f6345f539382eb9c9c29ecda628900f31de0443dd9"
      url: "https://pub.dev"
    source: hosted
    version: "1.19.0"
  mime:
    dependency: transitive
    description:
      name: mime
      sha256: bd47de35f07e27267e69c8c8b22edf9473bfee170a60d60fcc93730c5144b7f6
      url: "https://pub.dev"
    source: hosted
    version: "2.1.0"
  native_toolchain_c:
    dependency: transitive
    description:
      name: native_toolchain_c
      sha256: "90eaad8059ebc2004a63810a4696ea9acdb02473e47ed3b6b3bafb100ac77e31"
      url: "https://pub.dev"
    source: hosted
    version: "0.19.5"
  path:
    dependency: transitive
    description:
      name: path
      sha256: "75cca69d1490965be98c73ceaea117e8a04dd21217b37b292c9ddbec0d955bc5"
      url: "https://pub.dev"
    source: hosted
    version: "1.9.1"
  platform:
    dependency: transitive
    description:
      name: platform
      sha256: a36d119c13416516a7b5913fbe8af8531e11633d784c550b2125f76c758524ec
      url: "https://pub.dev"
    source: hosted
    version: "3.2.0"
  pool:
    dependency: transitive
    description:
      name: pool
      sha256: "4177f68c237ea2128d1bee66ac17b2ce05ba3dbaafcbdd54c5d40a39d0b6b11c"
      url: "https://pub.dev"
    source: hosted
    version: "1.5.3"
  posix:
    dependency: transitive
    description:
      name: posix
      sha256: bc1bad54ad2b735816e31f8d4600cfde6c7839975085ddfbca48b6c9f7c4044e
      url: "https://pub.dev"
    source: hosted
    version: "6.5.2"
  postgres:
    dependency: transitive
    description:
      name: postgres
      sha256: dee84c58a69ea165c8a8daf7d755049f5868d4407062dde9305f914d2a33d0d3
      url: "https://pub.dev"
    source: hosted
    version: "3.5.18"
  process:
    dependency: transitive
    description:
      name: process
      sha256: "4242ba3508d37e01808bdf71ad1d5bb93a8d671bf2e7450e6b1b353fb0808891"
      url: "https://pub.dev"
    source: hosted
    version: "5.0.6"
  pub_semver:
    dependency: transitive
    description:
      name: pub_semver
      sha256: "261236774e8b1d69cfc6b9eabbc96c40f25e7a2d6b171f3385d4f65d5734fb24"
      url: "https://pub.dev"
    source: hosted
    version: "2.2.1"
  record_use:
    dependency: transitive
    description:
      name: record_use
      sha256: "1cb8564af8d43b464294411db9217f5ec04891c6f22ee2c32d73ae05e88a6bd2"
      url: "https://pub.dev"
    source: hosted
    version: "1.1.1"
  redis:
    dependency: transitive
    description:
      name: redis
      sha256: d7c7f18a374936baa786baf5f0e747aa5510bb289aad44b30ec41e3b703233b4
      url: "https://pub.dev"
    source: hosted
    version: "4.1.0"
  relic:
    dependency: transitive
    description:
      name: relic
      sha256: "0239101113221b185c2467e7ff9b45e9100c900f52c8d1d9eba00e34da43be4b"
      url: "https://pub.dev"
    source: hosted
    version: "2.0.0-rc.2"
  relic_core:
    dependency: transitive
    description:
      name: relic_core
      sha256: d0c13d2c1821aa5057ce771923377ec35494cd4257de0901148e2055b6dd4c41
      url: "https://pub.dev"
    source: hosted
    version: "2.0.0-rc.2"
  relic_io:
    dependency: transitive
    description:
      name: relic_io
      sha256: fba5368494f615172a47b99d4ef49c83aa46b5abb91014a33085b2ea53f64c72
      url: "https://pub.dev"
    source: hosted
    version: "2.0.0-rc.2"
  rfc_6901:
    dependency: transitive
    description:
      name: rfc_6901
      sha256: "6a43b1858dca2febaf93e15639aa6b0c49ccdfd7647775f15a499f872b018154"
      url: "https://pub.dev"
    source: hosted
    version: "0.2.1"
  serverpod:
    dependency: "direct main"
    description:
      name: serverpod
      sha256: f98517ca2d7d2c834d9891f7ed13a46022c3260f10515b89090c15882ea5ed8f
      url: "https://pub.dev"
    source: hosted
    version: "4.0.3"
  serverpod_database:
    dependency: transitive
    description:
      name: serverpod_database
      sha256: "761463ecb24201fa5743f9938e4bc20b0c29a35c0a03d1ee36085f6f57a76eb5"
      url: "https://pub.dev"
    source: hosted
    version: "4.0.3"
  serverpod_embedded_postgres:
    dependency: transitive
    description:
      name: serverpod_embedded_postgres
      sha256: f98b685137b74b767097131cc93da4881ff9c2184e5eb85c63b923122a26fdd1
      url: "https://pub.dev"
    source: hosted
    version: "4.0.3"
  serverpod_logging:
    dependency: transitive
    description:
      name: serverpod_logging
      sha256: "177d3f53144f2811c2df01bb5134fae59db48129fac62efef11d12407feae6a7"
      url: "https://pub.dev"
    source: hosted
    version: "0.1.0"
  serverpod_serialization:
    dependency: transitive
    description:
      name: serverpod_serialization
      sha256: "35f02a34ef6843d5d5077fe3829ece5c7226dc53a4ebe9c1a2da563a3ccce1d1"
      url: "https://pub.dev"
    source: hosted
    version: "4.0.3"
  serverpod_shared:
    dependency: transitive
    description:
      name: serverpod_shared
      sha256: "99e1e2ee568d9e00cedf8ff0b9d22a330a0c4f999e9fe156ec3d8519a30417fe"
      url: "https://pub.dev"
    source: hosted
    version: "4.0.3"
  source_span:
    dependency: transitive
    description:
      name: source_span
      sha256: "56a02f1f4cd1a2d96303c0144c93bd6d909eea6bee6bf5a0e0b685edbd4c47ab"
      url: "https://pub.dev"
    source: hosted
    version: "1.10.2"
  sqlite3:
    dependency: transitive
    description:
      name: sqlite3
      sha256: cc62d72dbf16bb1f6ae8954b238016de1473e53df060ed0c332eed0a41dd1848
      url: "https://pub.dev"
    source: hosted
    version: "3.7.0"
  sqlite3_connection_pool:
    dependency: transitive
    description:
      name: sqlite3_connection_pool
      sha256: b01024fd67922680e5512abf3201974dab2d98d0664d145ec741740b448fdc5f
      url: "https://pub.dev"
    source: hosted
    version: "0.2.11"
  sqlite3_web:
    dependency: transitive
    description:
      name: sqlite3_web
      sha256: "8c140bd9124c060dd54227c5ccc5e1ce32123ef5d0c2f8cf46820c6c511c6c63"
      url: "https://pub.dev"
    source: hosted
    version: "0.9.5"
  sqlite_async:
    dependency: transitive
    description:
      name: sqlite_async
      sha256: "40c7d6f660322e4a2b4367ff75b9d5111389441aaa87e44f417420b56e0b0c97"
      url: "https://pub.dev"
    source: hosted
    version: "0.14.5"
  sqlparser:
    dependency: transitive
    description:
      name: sqlparser
      sha256: "40bdddb306a727be9ce510bd2d2b9a6c9db6c586d846ef7b22e3990a2b24f02d"
      url: "https://pub.dev"
    source: hosted
    version: "0.44.5"
  stack_trace:
    dependency: transitive
    description:
      name: stack_trace
      sha256: "277654b3034d17ac6f9f1cb5595db011b1d5d41e8806866db28e0abaa101c490"
      url: "https://pub.dev"
    source: hosted
    version: "1.12.2"
  stream_channel:
    dependency: transitive
    description:
      name: stream_channel
      sha256: "969e04c80b8bcdf826f8f16579c7b14d780458bd97f56d107d3950fdbeef059d"
      url: "https://pub.dev"
    source: hosted
    version: "2.1.4"
  string_scanner:
    dependency: transitive
    description:
      name: string_scanner
      sha256: "921cd31725b72fe181906c6a94d987c78e3b98c2e205b397ea399d4054872b43"
      url: "https://pub.dev"
    source: hosted
    version: "1.4.1"
  synchronized:
    dependency: transitive
    description:
      name: synchronized
      sha256: "397b146f97613b83d84bdccb439bc8d0f3aebb6c1d14a9641e6f24201c490b2d"
      url: "https://pub.dev"
    source: hosted
    version: "3.4.2"
  system_resources_2:
    dependency: transitive
    description:
      name: system_resources_2
      sha256: "3f1d7da26ece139d03e8679ca5d99faceadfdbb4edc108244aa4cc362b9181ef"
      url: "https://pub.dev"
    source: hosted
    version: "2.2.2"
  term_glyph:
    dependency: transitive
    description:
      name: term_glyph
      sha256: "7f554798625ea768a7518313e58f83891c7f5024f88e46e7182a4558850a4b8e"
      url: "https://pub.dev"
    source: hosted
    version: "1.2.2"
  typed_data:
    dependency: transitive
    description:
      name: typed_data
      sha256: f9049c039ebfeb4cf7a7104a675823cd72dba8297f264b6637062516699fa006
      url: "https://pub.dev"
    source: hosted
    version: "1.4.0"
  uuid:
    dependency: transitive
    description:
      name: uuid
      sha256: "9b129329f58692f6e6578329498a8fe9fbe98f090beb764ffbb8ee2eadd01dcd"
      url: "https://pub.dev"
    source: hosted
    version: "4.6.0"
  vm_service:
    dependency: transitive
    description:
      name: vm_service
      sha256: "5f37239c4851efcef929cea7824e76df7f2f0970aef85d66bbc430afa40e72f0"
      url: "https://pub.dev"
    source: hosted
    version: "15.3.0"
  web:
    dependency: transitive
    description:
      name: web
      sha256: "868d88a33d8a87b18ffc05f9f030ba328ffefba92d6c127917a2ba740f9cfe4a"
      url: "https://pub.dev"
    source: hosted
    version: "1.1.1"
  web_socket:
    dependency: transitive
    description:
      name: web_socket
      sha256: "34d64019aa8e36bf9842ac014bb5d2f5586ca73df5e4d9bf5c936975cae6982c"
      url: "https://pub.dev"
    source: hosted
    version: "1.0.1"
  web_socket_channel:
    dependency: transitive
    description:
      name: web_socket_channel
      sha256: d645757fb0f4773d602444000a8131ff5d48c9e47adfe9772652dd1a4f2d45c8
      url: "https://pub.dev"
    source: hosted
    version: "3.0.3"
  whiskers:
    dependency: transitive
    description:
      name: whiskers
      sha256: "099799a838ebce1f28809547bb7f2e8fd9b44f4c2bebea9921ab548d95350b64"
      url: "https://pub.dev"
    source: hosted
    version: "0.1.1"
  win32:
    dependency: transitive
    description:
      name: win32
      sha256: a0b93865d5644f11cf6a8c3f6db909f1ec168958b5805f6cc684adea957cd63d
      url: "https://pub.dev"
    source: hosted
    version: "6.4.0"
  yaml:
    dependency: transitive
    description:
      name: yaml
      sha256: f67cdd8e07d3c6329146aaef1ba043542b3134c12489f553ca9a7435d1068aea
      url: "https://pub.dev"
    source: hosted
    version: "3.1.4"
sdks:
  dart: ">=3.13.0 <4.0.0"
